<?xml version="1.0" encoding="utf-8"?>
<Project ToolsVersion="4.0" xmlns="http://schemas.microsoft.com/developer/msbuild/2003">
  <ItemGroup>
    <Filter Include="Source Files">
      <UniqueIdentifier>{4FC737F1-C7A5-4376-A066-2A32D752A2FF}</UniqueIdentifier>
      <Extensions>cpp;c;cc;cxx;c++;cppm;ixx;def;odl;idl;hpj;bat;asm;asmx</Extensions>
    </Filter>
    <Filter Include="Header Files">
      <UniqueIdentifier>{93995380-89BD-4b04-88EB-625FBE52EBFB}</UniqueIdentifier>
      <Extensions>h;hh;hpp;hxx;h++;hm;inl;inc;ipp;xsd</Extensions>
    </Filter>
    <Filter Include="Shader Files">
      <UniqueIdentifier>{ba958b34-6b71-4a0b-a175-cf2ecf2e33d8}</UniqueIdentifier>
      <Extensions>hlsl;</Extensions>
    </Filter>
  </ItemGroup>
  <ItemGroup>
    <ClCompile Include="main.cpp">
      <Filter>Source Files</Filter>
    </ClCompile>
    <ClCompile Include="debug_ostream.cpp">
      <Filter>Source Files</Filter>
    </ClCompile>
    <ClCompile Include="game_window.cpp">
      <Filter>Source Files</Filter>
    </ClCompile>
    <ClCompile Include="direct3d.cpp">
      <Filter>Source Files</Filter>
    </ClCompile>
    <ClCompile Include="polygon.cpp">
      <Filter>Source Files</Filter>
    </ClCompile>
    <ClCompile Include="shader.cpp">
      <Filter>Source Files</Filter>
    </ClCompile>
    <ClCompile Include="sprite.cpp">
      <Filter>Source Files</Filter>
    </ClCompile>
    <ClCompile Include="texture.cpp">
      <Filter>Source Files</Filter>
    </ClCompile>
    <ClCompile Include="sprite_anime.cpp">
      <Filter>Source Files</Filter>
    </ClCompile>
    <ClCompile Include="system_timer.cpp">
      <Filter>Source Files</Filter>
    </ClCompile>
    <ClCompile Include="WICTextureLoader11.cpp">
      <Filter>Source Files</Filter>
    </ClCompile>
    <ClCompile Include="debug_text.cpp">
      <Filter>Source Files</Filter>
    </ClCompile>
    <ClCompile Include="mouse.cpp">
      <Filter>Source Files</Filter>
    </ClCompile>
    <ClCompile Include="keyboard.cpp">
      <Filter>Source Files</Filter>
    </ClCompile>
    <ClCompile Include="key_logger.cpp">
      <Filter>Source Files</Filter>
    </ClCompile>
    <ClCompile Include="game.cpp">
      <Filter>Source Files</Filter>
    </ClCompile>
    <ClCompile Include="collision.cpp">
      <Filter>Source Files</Filter>
    </ClCompile>
    <ClCompile Include="effect.cpp">
      <Filter>Source Files</Filter>
    </ClCompile>
    <ClCompile Include="Audio.cpp">
      <Filter>Source Files</Filter>
    </ClCompile>
    <ClCompile Include="score.cpp">
      <Filter>Source Files</Filter>
    </ClCompile>
    <ClCompile Include="fade.cpp">
      <Filter>Source Files</Filter>
    </ClCompile>
    <ClCompile Include="scene.cpp">
      <Filter>Source Files</Filter>
    </ClCompile>
    <ClCompile Include="title.cpp">
      <Filter>Source Files</Filter>
    </ClCompile>
    <ClCompile Include="cube.cpp">
      <Filter>Source Files</Filter>
    </ClCompile>
    <ClCompile Include="shader_3d.cpp">
      <Filter>Source Files</Filter>
    </ClCompile>
    <ClCompile Include="Grid.cpp">
      <Filter>Source Files</Filter>
    </ClCompile>
    <ClCompile Include="camera.cpp">
      <Filter>Source Files</Filter>
    </ClCompile>
    <ClCompile Include="Sampler.cpp">
      <Filter>Source Files</Filter>
    </ClCompile>
    <ClCompile Include="Meshfield.cpp">
      <Filter>Source Files</Filter>
    </ClCompile>
    <ClCompile Include="shader_field.cpp">
      <Filter>Source Files</Filter>
    </ClCompile>
    <ClCompile Include="Light.cpp">
      <Filter>Source Files</Filter>
    </ClCompile>
    <ClCompile Include="model.cpp">
      <Filter>Source Files</Filter>
    </ClCompile>
    <ClCompile Include="Player.cpp">
      <Filter>Source Files</Filter>
    </ClCompile>
    <ClCompile Include="Player_Camera.cpp">
      <Filter>Source Files</Filter>
    </ClCompile>
    <ClCompile Include="map.cpp">
      <Filter>Source Files</Filter>
    </ClCompile>
    <ClCompile Include="billboard.cpp">
      <Filter>Source Files</Filter>
    </ClCompile>
    <ClCompile Include="shader_billboard.cpp">
      <Filter>Source Files</Filter>
    </ClCompile>
    <ClCompile Include="bullet.cpp">
      <Filter>Source Files</Filter>
    </ClCompile>
    <ClCompile Include="bullet_hit_effect.cpp">
      <Filter>Source Files</Filter>
    </ClCompile>
  </ItemGroup>
  <ItemGroup>
    <ClInclude Include="debug_ostream.h">
      <Filter>Header Files</Filter>
    </ClInclude>
    <ClInclude Include="game_window.h">
      <Filter>Header Files</Filter>
    </ClInclude>
    <ClInclude Include="direct3d.h">
      <Filter>Header Files</Filter>
    </ClInclude>
    <ClInclude Include="shader.h">
      <Filter>Header Files</Filter>
    </ClInclude>
    <ClInclude Include="polygon.h">
      <Filter>Header Files</Filter>
    </ClInclude>
    <ClInclude Include="DirectXTex.h">
      <Filter>Header Files</Filter>
    </ClInclude>
    <ClInclude Include="sprite.h">
      <Filter>Header Files</Filter>
    </ClInclude>
    <ClInclude Include="texture.h">
      <Filter>Header Files</Filter>
    </ClInclude>
    <ClInclude Include="sprite_anime.h">
      <Filter>Header Files</Filter>
    </ClInclude>
    <ClInclude Include="system_timer.h">
      <Filter>Header Files</Filter>
    </ClInclude>
    <ClInclude Include="WICTextureLoader11.h">
      <Filter>Header Files</Filter>
    </ClInclude>
    <ClInclude Include="debug_text.h">
      <Filter>Header Files</Filter>
    </ClInclude>
    <ClInclude Include="mouse.h">
      <Filter>Header Files</Filter>
    </ClInclude>
    <ClInclude Include="keyboard.h">
      <Filter>Header Files</Filter>
    </ClInclude>
    <ClInclude Include="key_logger.h">
      <Filter>Header Files</Filter>
    </ClInclude>
    <ClInclude Include="game.h">
      <Filter>Header Files</Filter>
    </ClInclude>
    <ClInclude Include="collision.h">
      <Filter>Header Files</Filter>
    </ClInclude>
    <ClInclude Include="effect.h">
      <Filter>Header Files</Filter>
    </ClInclude>
    <ClInclude Include="Audio.h">
      <Filter>Header Files</Filter>
    </ClInclude>
    <ClInclude Include="score.h">
      <Filter>Header Files</Filter>
    </ClInclude>
    <ClInclude Include="scene.h">
      <Filter>Header Files</Filter>
    </ClInclude>
    <ClInclude Include="title.h">
      <Filter>Header Files</Filter>
    </ClInclude>
    <ClInclude Include="fade.h">
      <Filter>Header Files</Filter>
    </ClInclude>
    <ClInclude Include="cube.h">
      <Filter>Header Files</Filter>
    </ClInclude>
    <ClInclude Include="shader_3d.h">
      <Filter>Header Files</Filter>
    </ClInclude>
    <ClInclude Include="Grid.h">
      <Filter>Header Files</Filter>
    </ClInclude>
    <ClInclude Include="camera.h">
      <Filter>Header Files</Filter>
    </ClInclude>
    <ClInclude Include="Sampler.h">
      <Filter>Header Files</Filter>
    </ClInclude>
    <ClInclude Include="Meshfield.h">
      <Filter>Header Files</Filter>
    </ClInclude>
    <ClInclude Include="shader_field.h">
      <Filter>Header Files</Filter>
    </ClInclude>
    <ClInclude Include="Light.h">
      <Filter>Header Files</Filter>
    </ClInclude>
    <ClInclude Include="model.h">
      <Filter>Header Files</Filter>
    </ClInclude>
    <ClInclude Include="Player.h">
      <Filter>Header Files</Filter>
    </ClInclude>
    <ClInclude Include="Player_Camera.h">
      <Filter>Header Files</Filter>
    </ClInclude>
    <ClInclude Include="map.h">
      <Filter>Header Files</Filter>
    </ClInclude>
    <ClInclude Include="billboard.h">
      <Filter>Header Files</Filter>
    </ClInclude>
    <ClInclude Include="shader_billboard.h">
      <Filter>Header Files</Filter>
    </ClInclude>
    <ClInclude Include="bullet.h">
      <Filter>Header Files</Filter>
    </ClInclude>
    <ClInclude Include="bullet_hit_effect.h">
      <Filter>Header Files</Filter>
    </ClInclude>
  </ItemGroup>
  <ItemGroup>
    <FxCompile Include="shader_pixel_2d.hlsl">
      <Filter>Shader Files</Filter>
    </FxCompile>
    <FxCompile Include="shader_vertex_2d.hlsl">
      <Filter>Shader Files</Filter>
    </FxCompile>
    <FxCompile Include="shader_pixel_3d.hlsl">
      <Filter>Shader Files</Filter>
    </FxCompile>
    <FxCompile Include="shader_vertex_3d.hlsl">
      <Filter>Shader Files</Filter>
    </FxCompile>
    <FxCompile Include="shader_pixel_field.hlsl">
      <Filter>Shader Files</Filter>
    </FxCompile>
    <FxCompile Include="shader_vertex_field.hlsl">
      <Filter>Shader Files</Filter>
    </FxCompile>
    <FxCompile Include="shader_vertex_billboard.hlsl">
      <Filter>Shader Files</Filter>
    </FxCompile>
    <FxCompile Include="shader_pixel_billboard.hlsl">
      <Filter>Shader Files</Filter>
    </FxCompile>
  </ItemGroup>
  <ItemGroup>
    <None Include="DirectXTex.inl">
      <Filter>Header Files</Filter>
    </None>
    <None Include="ascii_texture_generator.py" />
  </ItemGroup>
  <ItemGroup>
    <Library Include="DirectXTex_Debug.lib" />
    <Library Include="DirectXTex_Release.lib" />
  </ItemGroup>
</Project>